// !$*UTF8*$!
{
	archiveVersion = 1;
	classes = {
	};
	objectVersion = 52;
	objects = {

/* Begin PBXBuildFile section */
		4D0ED56628CBE2E700208798 /* NetWorkError.swift in Sources */ = {isa = PBXBuildFile; fileRef = 4D0ED56528CBE2E700208798 /* NetWorkError.swift */; };
		4D0ED56F28CBE97F00208798 /* SettingsPresenter.swift in Sources */ = {isa = PBXBuildFile; fileRef = 4D0ED56928CBE97F00208798 /* SettingsPresenter.swift */; };
		4D0ED57028CBE97F00208798 /* SettingsWorker.swift in Sources */ = {isa = PBXBuildFile; fileRef = 4D0ED56A28CBE97F00208798 /* SettingsWorker.swift */; };
		4D0ED57128CBE97F00208798 /* SettingsRouter.swift in Sources */ = {isa = PBXBuildFile; fileRef = 4D0ED56B28CBE97F00208798 /* SettingsRouter.swift */; };
		4D0ED57228CBE97F00208798 /* SettingsModels.swift in Sources */ = {isa = PBXBuildFile; fileRef = 4D0ED56C28CBE97F00208798 /* SettingsModels.swift */; };
		4D0ED57328CBE97F00208798 /* SettingsViewController.swift in Sources */ = {isa = PBXBuildFile; fileRef = 4D0ED56D28CBE97F00208798 /* SettingsViewController.swift */; };
		4D0ED57428CBE97F00208798 /* SettingsInteractor.swift in Sources */ = {isa = PBXBuildFile; fileRef = 4D0ED56E28CBE97F00208798 /* SettingsInteractor.swift */; };
		4D0ED57A28CBEC2000208798 /* SettingsTableViewCell.swift in Sources */ = {isa = PBXBuildFile; fileRef = 4D0ED57828CBEC2000208798 /* SettingsTableViewCell.swift */; };
		4D0ED57B28CBEC2000208798 /* SettingsTableViewCell.xib in Resources */ = {isa = PBXBuildFile; fileRef = 4D0ED57928CBEC2000208798 /* SettingsTableViewCell.xib */; };
		4D0ED58128CC033000208798 /* MasterViewController.swift in Sources */ = {isa = PBXBuildFile; fileRef = 4D0ED58028CC033000208798 /* MasterViewController.swift */; };
		4D0ED58428CC8ED400208798 /* MovieEnpoints.swift in Sources */ = {isa = PBXBuildFile; fileRef = 4D0ED58328CC8ED400208798 /* MovieEnpoints.swift */; };
		4D4F250028C79C9C00A6DA4E /* AppDelegate.swift in Sources */ = {isa = PBXBuildFile; fileRef = 4D4F24FF28C79C9C00A6DA4E /* AppDelegate.swift */; };
		4D4F250228C79C9C00A6DA4E /* SceneDelegate.swift in Sources */ = {isa = PBXBuildFile; fileRef = 4D4F250128C79C9C00A6DA4E /* SceneDelegate.swift */; };
		4D4F250728C79C9C00A6DA4E /* Main.storyboard in Resources */ = {isa = PBXBuildFile; fileRef = 4D4F250528C79C9C00A6DA4E /* Main.storyboard */; };
		4D4F250928C79C9F00A6DA4E /* Assets.xcassets in Resources */ = {isa = PBXBuildFile; fileRef = 4D4F250828C79C9F00A6DA4E /* Assets.xcassets */; };
		4D4F250C28C79C9F00A6DA4E /* LaunchScreen.storyboard in Resources */ = {isa = PBXBuildFile; fileRef = 4D4F250A28C79C9F00A6DA4E /* LaunchScreen.storyboard */; };
		4D4F252128C79DDF00A6DA4E /* SearchMoviesPresenter.swift in Sources */ = {isa = PBXBuildFile; fileRef = 4D4F251B28C79DDF00A6DA4E /* SearchMoviesPresenter.swift */; };
		4D4F252228C79DDF00A6DA4E /* SearchMoviesWorker.swift in Sources */ = {isa = PBXBuildFile; fileRef = 4D4F251C28C79DDF00A6DA4E /* SearchMoviesWorker.swift */; };
		4D4F252328C79DDF00A6DA4E /* SearchMoviesRouter.swift in Sources */ = {isa = PBXBuildFile; fileRef = 4D4F251D28C79DDF00A6DA4E /* SearchMoviesRouter.swift */; };
		4D4F252428C79DDF00A6DA4E /* SearchMoviesModels.swift in Sources */ = {isa = PBXBuildFile; fileRef = 4D4F251E28C79DDF00A6DA4E /* SearchMoviesModels.swift */; };
		4D4F252528C79DDF00A6DA4E /* SearchMoviesViewController.swift in Sources */ = {isa = PBXBuildFile; fileRef = 4D4F251F28C79DDF00A6DA4E /* SearchMoviesViewController.swift */; };
		4D4F252628C79DDF00A6DA4E /* SearchMoviesInteractor.swift in Sources */ = {isa = PBXBuildFile; fileRef = 4D4F252028C79DDF00A6DA4E /* SearchMoviesInteractor.swift */; };
		4D4F252E28C79E3900A6DA4E /* MovieDetailsPresenter.swift in Sources */ = {isa = PBXBuildFile; fileRef = 4D4F252828C79E3900A6DA4E /* MovieDetailsPresenter.swift */; };
		4D4F252F28C79E3900A6DA4E /* MovieDetailsWorker.swift in Sources */ = {isa = PBXBuildFile; fileRef = 4D4F252928C79E3900A6DA4E /* MovieDetailsWorker.swift */; };
		4D4F253028C79E3900A6DA4E /* MovieDetailsRouter.swift in Sources */ = {isa = PBXBuildFile; fileRef = 4D4F252A28C79E3900A6DA4E /* MovieDetailsRouter.swift */; };
		4D4F253128C79E3900A6DA4E /* MovieDetailsModels.swift in Sources */ = {isa = PBXBuildFile; fileRef = 4D4F252B28C79E3900A6DA4E /* MovieDetailsModels.swift */; };
		4D4F253228C79E3900A6DA4E /* MovieDetailsViewController.swift in Sources */ = {isa = PBXBuildFile; fileRef = 4D4F252C28C79E3900A6DA4E /* MovieDetailsViewController.swift */; };
		4D4F253328C79E3900A6DA4E /* MovieDetailsInteractor.swift in Sources */ = {isa = PBXBuildFile; fileRef = 4D4F252D28C79E3900A6DA4E /* MovieDetailsInteractor.swift */; };
		4D4F253828CA965D00A6DA4E /* Alamofire in Frameworks */ = {isa = PBXBuildFile; productRef = 4D4F253728CA965D00A6DA4E /* Alamofire */; };
		4D4F254228CAA66300A6DA4E /* SplashWorker.swift in Sources */ = {isa = PBXBuildFile; fileRef = 4D4F253C28CAA66300A6DA4E /* SplashWorker.swift */; };
		4D4F254328CAA66300A6DA4E /* SplashRouter.swift in Sources */ = {isa = PBXBuildFile; fileRef = 4D4F253D28CAA66300A6DA4E /* SplashRouter.swift */; };
		4D4F254428CAA66300A6DA4E /* SplashModels.swift in Sources */ = {isa = PBXBuildFile; fileRef = 4D4F253E28CAA66300A6DA4E /* SplashModels.swift */; };
		4D4F254528CAA66300A6DA4E /* SplashViewController.swift in Sources */ = {isa = PBXBuildFile; fileRef = 4D4F253F28CAA66300A6DA4E /* SplashViewController.swift */; };
		4D4F254628CAA66300A6DA4E /* SplashInteractor.swift in Sources */ = {isa = PBXBuildFile; fileRef = 4D4F254028CAA66300A6DA4E /* SplashInteractor.swift */; };
		4D4F256C28CBA15300A6DA4E /* StringExtension.swift in Sources */ = {isa = PBXBuildFile; fileRef = 4D4F256B28CBA15300A6DA4E /* StringExtension.swift */; };
		6D459A9C28CDB6A3000C3C36 /* CashableImageView.swift in Sources */ = {isa = PBXBuildFile; fileRef = 6D459A9B28CDB6A3000C3C36 /* CashableImageView.swift */; };
		6DA63FD428CA23D600FCDAAA /* NetworkRequirment.swift in Sources */ = {isa = PBXBuildFile; fileRef = 6DA63FD328CA23D600FCDAAA /* NetworkRequirment.swift */; };
		6DA63FD728CA255A00FCDAAA /* Configuration.swift in Sources */ = {isa = PBXBuildFile; fileRef = 6DA63FD628CA255A00FCDAAA /* Configuration.swift */; };
		6DA63FD928CA256B00FCDAAA /* Search.swift in Sources */ = {isa = PBXBuildFile; fileRef = 6DA63FD828CA256B00FCDAAA /* Search.swift */; };
		6DA63FDF28CA2C3F00FCDAAA /* UserDefaultKeys.swift in Sources */ = {isa = PBXBuildFile; fileRef = 6DA63FDE28CA2C3F00FCDAAA /* UserDefaultKeys.swift */; };
		6DA63FE328CA3B5000FCDAAA /* SearchTableViewCell.swift in Sources */ = {isa = PBXBuildFile; fileRef = 6DA63FE128CA3B5000FCDAAA /* SearchTableViewCell.swift */; };
		6DA63FE428CA3B5000FCDAAA /* SearchTableViewCell.xib in Resources */ = {isa = PBXBuildFile; fileRef = 6DA63FE228CA3B5000FCDAAA /* SearchTableViewCell.xib */; };
		6DA63FE628CA418100FCDAAA /* SearchMovieResponseModel.swift in Sources */ = {isa = PBXBuildFile; fileRef = 6DA63FE528CA418100FCDAAA /* SearchMovieResponseModel.swift */; };
/* End PBXBuildFile section */

/* Begin PBXFileReference section */
		4D0ED56528CBE2E700208798 /* NetWorkError.swift */ = {isa = PBXFileReference; lastKnownFileType = sourcecode.swift; path = NetWorkError.swift; sourceTree = "<group>"; };
		4D0ED56928CBE97F00208798 /* SettingsPresenter.swift */ = {isa = PBXFileReference; lastKnownFileType = sourcecode.swift; path = SettingsPresenter.swift; sourceTree = "<group>"; };
		4D0ED56A28CBE97F00208798 /* SettingsWorker.swift */ = {isa = PBXFileReference; lastKnownFileType = sourcecode.swift; path = SettingsWorker.swift; sourceTree = "<group>"; };
		4D0ED56B28CBE97F00208798 /* SettingsRouter.swift */ = {isa = PBXFileReference; lastKnownFileType = sourcecode.swift; path = SettingsRouter.swift; sourceTree = "<group>"; };
		4D0ED56C28CBE97F00208798 /* SettingsModels.swift */ = {isa = PBXFileReference; lastKnownFileType = sourcecode.swift; path = SettingsModels.swift; sourceTree = "<group>"; };
		4D0ED56D28CBE97F00208798 /* SettingsViewController.swift */ = {isa = PBXFileReference; lastKnownFileType = sourcecode.swift; path = SettingsViewController.swift; sourceTree = "<group>"; };
		4D0ED56E28CBE97F00208798 /* SettingsInteractor.swift */ = {isa = PBXFileReference; lastKnownFileType = sourcecode.swift; path = SettingsInteractor.swift; sourceTree = "<group>"; };
		4D0ED57828CBEC2000208798 /* SettingsTableViewCell.swift */ = {isa = PBXFileReference; lastKnownFileType = sourcecode.swift; path = SettingsTableViewCell.swift; sourceTree = "<group>"; };
		4D0ED57928CBEC2000208798 /* SettingsTableViewCell.xib */ = {isa = PBXFileReference; lastKnownFileType = file.xib; path = SettingsTableViewCell.xib; sourceTree = "<group>"; };
		4D0ED58028CC033000208798 /* MasterViewController.swift */ = {isa = PBXFileReference; lastKnownFileType = sourcecode.swift; path = MasterViewController.swift; sourceTree = "<group>"; };
		4D0ED58328CC8ED400208798 /* MovieEnpoints.swift */ = {isa = PBXFileReference; lastKnownFileType = sourcecode.swift; name = MovieEnpoints.swift; path = Movie/Shared/MovieEnpoints.swift; sourceTree = SOURCE_ROOT; };
		4D4F24FC28C79C9C00A6DA4E /* Movie.app */ = {isa = PBXFileReference; explicitFileType = wrapper.application; includeInIndex = 0; path = Movie.app; sourceTree = BUILT_PRODUCTS_DIR; };
		4D4F24FF28C79C9C00A6DA4E /* AppDelegate.swift */ = {isa = PBXFileReference; lastKnownFileType = sourcecode.swift; path = AppDelegate.swift; sourceTree = "<group>"; };
		4D4F250128C79C9C00A6DA4E /* SceneDelegate.swift */ = {isa = PBXFileReference; lastKnownFileType = sourcecode.swift; path = SceneDelegate.swift; sourceTree = "<group>"; };
		4D4F250628C79C9C00A6DA4E /* Base */ = {isa = PBXFileReference; lastKnownFileType = file.storyboard; name = Base; path = Base.lproj/Main.storyboard; sourceTree = "<group>"; };
		4D4F250828C79C9F00A6DA4E /* Assets.xcassets */ = {isa = PBXFileReference; lastKnownFileType = folder.assetcatalog; path = Assets.xcassets; sourceTree = "<group>"; };
		4D4F250B28C79C9F00A6DA4E /* Base */ = {isa = PBXFileReference; lastKnownFileType = file.storyboard; name = Base; path = Base.lproj/LaunchScreen.storyboard; sourceTree = "<group>"; };
		4D4F250D28C79C9F00A6DA4E /* Info.plist */ = {isa = PBXFileReference; lastKnownFileType = text.plist.xml; path = Info.plist; sourceTree = "<group>"; };
		4D4F251B28C79DDF00A6DA4E /* SearchMoviesPresenter.swift */ = {isa = PBXFileReference; lastKnownFileType = sourcecode.swift; path = SearchMoviesPresenter.swift; sourceTree = "<group>"; };
		4D4F251C28C79DDF00A6DA4E /* SearchMoviesWorker.swift */ = {isa = PBXFileReference; lastKnownFileType = sourcecode.swift; path = SearchMoviesWorker.swift; sourceTree = "<group>"; };
		4D4F251D28C79DDF00A6DA4E /* SearchMoviesRouter.swift */ = {isa = PBXFileReference; lastKnownFileType = sourcecode.swift; path = SearchMoviesRouter.swift; sourceTree = "<group>"; };
		4D4F251E28C79DDF00A6DA4E /* SearchMoviesModels.swift */ = {isa = PBXFileReference; lastKnownFileType = sourcecode.swift; path = SearchMoviesModels.swift; sourceTree = "<group>"; };
		4D4F251F28C79DDF00A6DA4E /* SearchMoviesViewController.swift */ = {isa = PBXFileReference; lastKnownFileType = sourcecode.swift; path = SearchMoviesViewController.swift; sourceTree = "<group>"; };
		4D4F252028C79DDF00A6DA4E /* SearchMoviesInteractor.swift */ = {isa = PBXFileReference; lastKnownFileType = sourcecode.swift; path = SearchMoviesInteractor.swift; sourceTree = "<group>"; };
		4D4F252828C79E3900A6DA4E /* MovieDetailsPresenter.swift */ = {isa = PBXFileReference; lastKnownFileType = sourcecode.swift; path = MovieDetailsPresenter.swift; sourceTree = "<group>"; };
		4D4F252928C79E3900A6DA4E /* MovieDetailsWorker.swift */ = {isa = PBXFileReference; lastKnownFileType = sourcecode.swift; path = MovieDetailsWorker.swift; sourceTree = "<group>"; };
		4D4F252A28C79E3900A6DA4E /* MovieDetailsRouter.swift */ = {isa = PBXFileReference; lastKnownFileType = sourcecode.swift; path = MovieDetailsRouter.swift; sourceTree = "<group>"; };
		4D4F252B28C79E3900A6DA4E /* MovieDetailsModels.swift */ = {isa = PBXFileReference; lastKnownFileType = sourcecode.swift; path = MovieDetailsModels.swift; sourceTree = "<group>"; };
		4D4F252C28C79E3900A6DA4E /* MovieDetailsViewController.swift */ = {isa = PBXFileReference; lastKnownFileType = sourcecode.swift; path = MovieDetailsViewController.swift; sourceTree = "<group>"; };
		4D4F252D28C79E3900A6DA4E /* MovieDetailsInteractor.swift */ = {isa = PBXFileReference; lastKnownFileType = sourcecode.swift; path = MovieDetailsInteractor.swift; sourceTree = "<group>"; };
		4D4F253C28CAA66300A6DA4E /* SplashWorker.swift */ = {isa = PBXFileReference; lastKnownFileType = sourcecode.swift; path = SplashWorker.swift; sourceTree = "<group>"; };
		4D4F253D28CAA66300A6DA4E /* SplashRouter.swift */ = {isa = PBXFileReference; lastKnownFileType = sourcecode.swift; path = SplashRouter.swift; sourceTree = "<group>"; };
		4D4F253E28CAA66300A6DA4E /* SplashModels.swift */ = {isa = PBXFileReference; lastKnownFileType = sourcecode.swift; path = SplashModels.swift; sourceTree = "<group>"; };
		4D4F253F28CAA66300A6DA4E /* SplashViewController.swift */ = {isa = PBXFileReference; lastKnownFileType = sourcecode.swift; path = SplashViewController.swift; sourceTree = "<group>"; };
		4D4F254028CAA66300A6DA4E /* SplashInteractor.swift */ = {isa = PBXFileReference; lastKnownFileType = sourcecode.swift; path = SplashInteractor.swift; sourceTree = "<group>"; };
		4D4F256B28CBA15300A6DA4E /* StringExtension.swift */ = {isa = PBXFileReference; lastKnownFileType = sourcecode.swift; path = StringExtension.swift; sourceTree = "<group>"; };
		6D459A9B28CDB6A3000C3C36 /* CashableImageView.swift */ = {isa = PBXFileReference; lastKnownFileType = sourcecode.swift; path = CashableImageView.swift; sourceTree = "<group>"; };
		6DA63FD328CA23D600FCDAAA /* NetworkRequirment.swift */ = {isa = PBXFileReference; lastKnownFileType = sourcecode.swift; name = NetworkRequirment.swift; path = Movie/Scene/SplashScreen/NetworkRequirment.swift; sourceTree = SOURCE_ROOT; };
		6DA63FD628CA255A00FCDAAA /* Configuration.swift */ = {isa = PBXFileReference; lastKnownFileType = sourcecode.swift; name = Configuration.swift; path = Movie/Scene/SplashScreen/Configuration.swift; sourceTree = SOURCE_ROOT; };
		6DA63FD828CA256B00FCDAAA /* Search.swift */ = {isa = PBXFileReference; lastKnownFileType = sourcecode.swift; name = Search.swift; path = Movie/Scene/SplashScreen/Search.swift; sourceTree = SOURCE_ROOT; };
		6DA63FDE28CA2C3F00FCDAAA /* UserDefaultKeys.swift */ = {isa = PBXFileReference; lastKnownFileType = sourcecode.swift; path = UserDefaultKeys.swift; sourceTree = "<group>"; };
		6DA63FE128CA3B5000FCDAAA /* SearchTableViewCell.swift */ = {isa = PBXFileReference; lastKnownFileType = sourcecode.swift; path = SearchTableViewCell.swift; sourceTree = "<group>"; };
		6DA63FE228CA3B5000FCDAAA /* SearchTableViewCell.xib */ = {isa = PBXFileReference; lastKnownFileType = file.xib; path = SearchTableViewCell.xib; sourceTree = "<group>"; };
		6DA63FE528CA418100FCDAAA /* SearchMovieResponseModel.swift */ = {isa = PBXFileReference; lastKnownFileType = sourcecode.swift; path = SearchMovieResponseModel.swift; sourceTree = "<group>"; };
/* End PBXFileReference section */

/* Begin PBXFrameworksBuildPhase section */
		4D4F24F928C79C9C00A6DA4E /* Frameworks */ = {
			isa = PBXFrameworksBuildPhase;
			buildActionMask = 2147483647;
			files = (
				4D4F253828CA965D00A6DA4E /* Alamofire in Frameworks */,
			);
			runOnlyForDeploymentPostprocessing = 0;
		};
/* End PBXFrameworksBuildPhase section */

/* Begin PBXGroup section */
		4D0ED56828CBE96100208798 /* Settings */ = {
			isa = PBXGroup;
			children = (
				4D0ED57728CBEBEC00208798 /* Cell */,
				4D0ED56D28CBE97F00208798 /* SettingsViewController.swift */,
				4D0ED56E28CBE97F00208798 /* SettingsInteractor.swift */,
				4D0ED56928CBE97F00208798 /* SettingsPresenter.swift */,
				4D0ED56A28CBE97F00208798 /* SettingsWorker.swift */,
				4D0ED56B28CBE97F00208798 /* SettingsRouter.swift */,
				4D0ED56C28CBE97F00208798 /* SettingsModels.swift */,
			);
			path = Settings;
			sourceTree = "<group>";
		};
		4D0ED57728CBEBEC00208798 /* Cell */ = {
			isa = PBXGroup;
			children = (
				4D0ED57828CBEC2000208798 /* SettingsTableViewCell.swift */,
				4D0ED57928CBEC2000208798 /* SettingsTableViewCell.xib */,
			);
			path = Cell;
			sourceTree = "<group>";
		};
		4D4F24F328C79C9C00A6DA4E = {
			isa = PBXGroup;
			children = (
				4D4F24FE28C79C9C00A6DA4E /* Movie */,
				4D4F24FD28C79C9C00A6DA4E /* Products */,
			);
			sourceTree = "<group>";
		};
		4D4F24FD28C79C9C00A6DA4E /* Products */ = {
			isa = PBXGroup;
			children = (
				4D4F24FC28C79C9C00A6DA4E /* Movie.app */,
			);
			name = Products;
			sourceTree = "<group>";
		};
		4D4F24FE28C79C9C00A6DA4E /* Movie */ = {
			isa = PBXGroup;
			children = (
				4D4F24FF28C79C9C00A6DA4E /* AppDelegate.swift */,
				4D4F250128C79C9C00A6DA4E /* SceneDelegate.swift */,
				4D4F254F28CAB00D00A6DA4E /* Extensiuons */,
				6DA63FDD28CA2C2A00FCDAAA /* Shared */,
				6DA63FDA28CA289F00FCDAAA /* Models */,
				4D4F251928C79D6A00A6DA4E /* Utilities */,
				4D4F251428C79D0D00A6DA4E /* NetworkLayer */,
				4D4F251628C79D2C00A6DA4E /* Scene */,
				4D4F250528C79C9C00A6DA4E /* Main.storyboard */,
				4D4F250828C79C9F00A6DA4E /* Assets.xcassets */,
				4D4F250A28C79C9F00A6DA4E /* LaunchScreen.storyboard */,
				4D4F250D28C79C9F00A6DA4E /* Info.plist */,
			);
			path = Movie;
			sourceTree = "<group>";
		};
		4D4F251428C79D0D00A6DA4E /* NetworkLayer */ = {
			isa = PBXGroup;
			children = (
				6DA63FD528CA254200FCDAAA /* Enpoints */,
				6DA63FD328CA23D600FCDAAA /* NetworkRequirment.swift */,
				4D0ED56528CBE2E700208798 /* NetWorkError.swift */,
			);
			path = NetworkLayer;
			sourceTree = "<group>";
		};
		4D4F251628C79D2C00A6DA4E /* Scene */ = {
			isa = PBXGroup;
			children = (
				6DA63FD028CA10DD00FCDAAA /* SplashScreen */,
				4D4F251728C79D3800A6DA4E /* SearchMovies */,
				4D4F251828C79D4500A6DA4E /* MovieDetails */,
				4D0ED56828CBE96100208798 /* Settings */,
			);
			path = Scene;
			sourceTree = "<group>";
		};
		4D4F251728C79D3800A6DA4E /* SearchMovies */ = {
			isa = PBXGroup;
			children = (
				6DA63FE028CA3B1A00FCDAAA /* Cell */,
				4D4F251F28C79DDF00A6DA4E /* SearchMoviesViewController.swift */,
				4D4F252028C79DDF00A6DA4E /* SearchMoviesInteractor.swift */,
				4D4F251B28C79DDF00A6DA4E /* SearchMoviesPresenter.swift */,
				4D4F251C28C79DDF00A6DA4E /* SearchMoviesWorker.swift */,
				4D4F251D28C79DDF00A6DA4E /* SearchMoviesRouter.swift */,
				4D4F251E28C79DDF00A6DA4E /* SearchMoviesModels.swift */,
			);
			path = SearchMovies;
			sourceTree = "<group>";
		};
		4D4F251828C79D4500A6DA4E /* MovieDetails */ = {
			isa = PBXGroup;
			children = (
				4D4F252C28C79E3900A6DA4E /* MovieDetailsViewController.swift */,
				4D4F252D28C79E3900A6DA4E /* MovieDetailsInteractor.swift */,
				4D4F252828C79E3900A6DA4E /* MovieDetailsPresenter.swift */,
				4D4F252928C79E3900A6DA4E /* MovieDetailsWorker.swift */,
				4D4F252A28C79E3900A6DA4E /* MovieDetailsRouter.swift */,
				4D4F252B28C79E3900A6DA4E /* MovieDetailsModels.swift */,
			);
			path = MovieDetails;
			sourceTree = "<group>";
		};
		4D4F251928C79D6A00A6DA4E /* Utilities */ = {
			isa = PBXGroup;
			children = (
			);
			path = Utilities;
			sourceTree = "<group>";
		};
		4D4F254F28CAB00D00A6DA4E /* Extensiuons */ = {
			isa = PBXGroup;
			children = (
				4D4F256B28CBA15300A6DA4E /* StringExtension.swift */,
			);
			path = Extensiuons;
			sourceTree = "<group>";
		};
		6DA63FD028CA10DD00FCDAAA /* SplashScreen */ = {
			isa = PBXGroup;
			children = (
				4D4F253F28CAA66300A6DA4E /* SplashViewController.swift */,
				4D4F254028CAA66300A6DA4E /* SplashInteractor.swift */,
				4D4F253D28CAA66300A6DA4E /* SplashRouter.swift */,
				4D4F253C28CAA66300A6DA4E /* SplashWorker.swift */,
				4D4F253E28CAA66300A6DA4E /* SplashModels.swift */,
			);
			path = SplashScreen;
			sourceTree = "<group>";
		};
		6DA63FD528CA254200FCDAAA /* Enpoints */ = {
			isa = PBXGroup;
			children = (
				6DA63FD628CA255A00FCDAAA /* Configuration.swift */,
				6DA63FD828CA256B00FCDAAA /* Search.swift */,
				4D0ED58328CC8ED400208798 /* MovieEnpoints.swift */,
			);
			name = Enpoints;
			path = Movie/NetworkLayer/Enpoints;
			sourceTree = "<group>";
		};
		6DA63FDA28CA289F00FCDAAA /* Models */ = {
			isa = PBXGroup;
			children = (
				6DA63FE528CA418100FCDAAA /* SearchMovieResponseModel.swift */,
			);
			path = Models;
			sourceTree = "<group>";
		};
		6DA63FDD28CA2C2A00FCDAAA /* Shared */ = {
			isa = PBXGroup;
			children = (
				6DA63FDE28CA2C3F00FCDAAA /* UserDefaultKeys.swift */,
				4D0ED58028CC033000208798 /* MasterViewController.swift */,
				6D459A9B28CDB6A3000C3C36 /* CashableImageView.swift */,
			);
			path = Shared;
			sourceTree = "<group>";
		};
		6DA63FE028CA3B1A00FCDAAA /* Cell */ = {
			isa = PBXGroup;
			children = (
				6DA63FE128CA3B5000FCDAAA /* SearchTableViewCell.swift */,
				6DA63FE228CA3B5000FCDAAA /* SearchTableViewCell.xib */,
			);
			path = Cell;
			sourceTree = "<group>";
		};
/* End PBXGroup section */

/* Begin PBXNativeTarget section */
		4D4F24FB28C79C9C00A6DA4E /* Movie */ = {
			isa = PBXNativeTarget;
			buildConfigurationList = 4D4F251028C79C9F00A6DA4E /* Build configuration list for PBXNativeTarget "Movie" */;
			buildPhases = (
				4D4F24F828C79C9C00A6DA4E /* Sources */,
				4D4F24F928C79C9C00A6DA4E /* Frameworks */,
				4D4F24FA28C79C9C00A6DA4E /* Resources */,
			);
			buildRules = (
			);
			dependencies = (
			);
			name = Movie;
			packageProductDependencies = (
				4D4F253728CA965D00A6DA4E /* Alamofire */,
			);
			productName = Movie;
			productReference = 4D4F24FC28C79C9C00A6DA4E /* Movie.app */;
			productType = "com.apple.product-type.application";
		};
/* End PBXNativeTarget section */

/* Begin PBXProject section */
		4D4F24F428C79C9C00A6DA4E /* Project object */ = {
			isa = PBXProject;
			attributes = {
				LastSwiftUpdateCheck = 1200;
				LastUpgradeCheck = 1200;
				TargetAttributes = {
					4D4F24FB28C79C9C00A6DA4E = {
						CreatedOnToolsVersion = 12.0;
					};
				};
			};
			buildConfigurationList = 4D4F24F728C79C9C00A6DA4E /* Build configuration list for PBXProject "Movie" */;
			compatibilityVersion = "Xcode 9.3";
			developmentRegion = en;
			hasScannedForEncodings = 0;
			knownRegions = (
				en,
				Base,
			);
			mainGroup = 4D4F24F328C79C9C00A6DA4E;
			packageReferences = (
				4D4F253628CA965D00A6DA4E /* XCRemoteSwiftPackageReference "Alamofire" */,
			);
			productRefGroup = 4D4F24FD28C79C9C00A6DA4E /* Products */;
			projectDirPath = "";
			projectRoot = "";
			targets = (
				4D4F24FB28C79C9C00A6DA4E /* Movie */,
			);
		};
/* End PBXProject section */

/* Begin PBXResourcesBuildPhase section */
		4D4F24FA28C79C9C00A6DA4E /* Resources */ = {
			isa = PBXResourcesBuildPhase;
			buildActionMask = 2147483647;
			files = (
				4D4F250C28C79C9F00A6DA4E /* LaunchScreen.storyboard in Resources */,
				6DA63FE428CA3B5000FCDAAA /* SearchTableViewCell.xib in Resources */,
				4D4F250928C79C9F00A6DA4E /* Assets.xcassets in Resources */,
				4D0ED57B28CBEC2000208798 /* SettingsTableViewCell.xib in Resources */,
				4D4F250728C79C9C00A6DA4E /* Main.storyboard in Resources */,
			);
			runOnlyForDeploymentPostprocessing = 0;
		};
/* End PBXResourcesBuildPhase section */

/* Begin PBXSourcesBuildPhase section */
		4D4F24F828C79C9C00A6DA4E /* Sources */ = {
			isa = PBXSourcesBuildPhase;
			buildActionMask = 2147483647;
			files = (
				6DA63FDF28CA2C3F00FCDAAA /* UserDefaultKeys.swift in Sources */,
				4D4F254228CAA66300A6DA4E /* SplashWorker.swift in Sources */,
				4D4F254528CAA66300A6DA4E /* SplashViewController.swift in Sources */,
				4D4F250028C79C9C00A6DA4E /* AppDelegate.swift in Sources */,
				4D4F252128C79DDF00A6DA4E /* SearchMoviesPresenter.swift in Sources */,
				4D0ED58128CC033000208798 /* MasterViewController.swift in Sources */,
				4D0ED57428CBE97F00208798 /* SettingsInteractor.swift in Sources */,
				4D4F253228C79E3900A6DA4E /* MovieDetailsViewController.swift in Sources */,
				4D0ED56628CBE2E700208798 /* NetWorkError.swift in Sources */,
				4D0ED57328CBE97F00208798 /* SettingsViewController.swift in Sources */,
				6DA63FE628CA418100FCDAAA /* SearchMovieResponseModel.swift in Sources */,
				4D4F252528C79DDF00A6DA4E /* SearchMoviesViewController.swift in Sources */,
				4D0ED57128CBE97F00208798 /* SettingsRouter.swift in Sources */,
				6DA63FE328CA3B5000FCDAAA /* SearchTableViewCell.swift in Sources */,
				6D459A9C28CDB6A3000C3C36 /* CashableImageView.swift in Sources */,
				4D0ED58428CC8ED400208798 /* MovieEnpoints.swift in Sources */,
				4D4F252F28C79E3900A6DA4E /* MovieDetailsWorker.swift in Sources */,
				4D4F252628C79DDF00A6DA4E /* SearchMoviesInteractor.swift in Sources */,
				4D4F253128C79E3900A6DA4E /* MovieDetailsModels.swift in Sources */,
				6DA63FD428CA23D600FCDAAA /* NetworkRequirment.swift in Sources */,
				4D4F254628CAA66300A6DA4E /* SplashInteractor.swift in Sources */,
				4D0ED57228CBE97F00208798 /* SettingsModels.swift in Sources */,
				4D0ED57028CBE97F00208798 /* SettingsWorker.swift in Sources */,
				6DA63FD928CA256B00FCDAAA /* Search.swift in Sources */,
				4D4F254328CAA66300A6DA4E /* SplashRouter.swift in Sources */,
				4D4F252428C79DDF00A6DA4E /* SearchMoviesModels.swift in Sources */,
				6DA63FD728CA255A00FCDAAA /* Configuration.swift in Sources */,
				4D4F253328C79E3900A6DA4E /* MovieDetailsInteractor.swift in Sources */,
				4D4F252228C79DDF00A6DA4E /* SearchMoviesWorker.swift in Sources */,
				4D4F252328C79DDF00A6DA4E /* SearchMoviesRouter.swift in Sources */,
				4D4F250228C79C9C00A6DA4E /* SceneDelegate.swift in Sources */,
				4D0ED57A28CBEC2000208798 /* SettingsTableViewCell.swift in Sources */,
				4D4F254428CAA66300A6DA4E /* SplashModels.swift in Sources */,
				4D4F253028C79E3900A6DA4E /* MovieDetailsRouter.swift in Sources */,
				4D4F256C28CBA15300A6DA4E /* StringExtension.swift in Sources */,
				4D4F252E28C79E3900A6DA4E /* MovieDetailsPresenter.swift in Sources */,
				4D0ED56F28CBE97F00208798 /* SettingsPresenter.swift in Sources */,
			);
			runOnlyForDeploymentPostprocessing = 0;
		};
/* End PBXSourcesBuildPhase section */

/* Begin PBXVariantGroup section */
		4D4F250528C79C9C00A6DA4E /* Main.storyboard */ = {
			isa = PBXVariantGroup;
			children = (
				4D4F250628C79C9C00A6DA4E /* Base */,
			);
			name = Main.storyboard;
			sourceTree = "<group>";
		};
		4D4F250A28C79C9F00A6DA4E /* LaunchScreen.storyboard */ = {
			isa = PBXVariantGroup;
			children = (
				4D4F250B28C79C9F00A6DA4E /* Base */,
			);
			name = LaunchScreen.storyboard;
			sourceTree = "<group>";
		};
/* End PBXVariantGroup section */

/* Begin XCBuildConfiguration section */
		4D4F250E28C79C9F00A6DA4E /* Debug */ = {
			isa = XCBuildConfiguration;
			buildSettings = {
				ALWAYS_SEARCH_USER_PATHS = NO;
				CLANG_ANALYZER_NONNULL = YES;
				CLANG_ANALYZER_NUMBER_OBJECT_CONVERSION = YES_AGGRESSIVE;
				CLANG_CXX_LANGUAGE_STANDARD = "gnu++14";
				CLANG_CXX_LIBRARY = "libc++";
				CLANG_ENABLE_MODULES = YES;
				CLANG_ENABLE_OBJC_ARC = YES;
				CLANG_ENABLE_OBJC_WEAK = YES;
				CLANG_WARN_BLOCK_CAPTURE_AUTORELEASING = YES;
				CLANG_WARN_BOOL_CONVERSION = YES;
				CLANG_WARN_COMMA = YES;
				CLANG_WARN_CONSTANT_CONVERSION = YES;
				CLANG_WARN_DEPRECATED_OBJC_IMPLEMENTATIONS = YES;
				CLANG_WARN_DIRECT_OBJC_ISA_USAGE = YES_ERROR;
				CLANG_WARN_DOCUMENTATION_COMMENTS = YES;
				CLANG_WARN_EMPTY_BODY = YES;
				CLANG_WARN_ENUM_CONVERSION = YES;
				CLANG_WARN_INFINITE_RECURSION = YES;
				CLANG_WARN_INT_CONVERSION = YES;
				CLANG_WARN_NON_LITERAL_NULL_CONVERSION = YES;
				CLANG_WARN_OBJC_IMPLICIT_RETAIN_SELF = YES;
				CLANG_WARN_OBJC_LITERAL_CONVERSION = YES;
				CLANG_WARN_OBJC_ROOT_CLASS = YES_ERROR;
				CLANG_WARN_QUOTED_INCLUDE_IN_FRAMEWORK_HEADER = YES;
				CLANG_WARN_RANGE_LOOP_ANALYSIS = YES;
				CLANG_WARN_STRICT_PROTOTYPES = YES;
				CLANG_WARN_SUSPICIOUS_MOVE = YES;
				CLANG_WARN_UNGUARDED_AVAILABILITY = YES_AGGRESSIVE;
				CLANG_WARN_UNREACHABLE_CODE = YES;
				CLANG_WARN__DUPLICATE_METHOD_MATCH = YES;
				COPY_PHASE_STRIP = NO;
				DEBUG_INFORMATION_FORMAT = dwarf;
				ENABLE_STRICT_OBJC_MSGSEND = YES;
				ENABLE_TESTABILITY = YES;
				GCC_C_LANGUAGE_STANDARD = gnu11;
				GCC_DYNAMIC_NO_PIC = NO;
				GCC_NO_COMMON_BLOCKS = YES;
				GCC_OPTIMIZATION_LEVEL = 0;
				GCC_PREPROCESSOR_DEFINITIONS = (
					"DEBUG=1",
					"$(inherited)",
				);
				GCC_WARN_64_TO_32_BIT_CONVERSION = YES;
				GCC_WARN_ABOUT_RETURN_TYPE = YES_ERROR;
				GCC_WARN_UNDECLARED_SELECTOR = YES;
				GCC_WARN_UNINITIALIZED_AUTOS = YES_AGGRESSIVE;
				GCC_WARN_UNUSED_FUNCTION = YES;
				GCC_WARN_UNUSED_VARIABLE = YES;
				IPHONEOS_DEPLOYMENT_TARGET = 14.0;
				MTL_ENABLE_DEBUG_INFO = INCLUDE_SOURCE;
				MTL_FAST_MATH = YES;
				ONLY_ACTIVE_ARCH = YES;
				SDKROOT = iphoneos;
				SWIFT_ACTIVE_COMPILATION_CONDITIONS = DEBUG;
				SWIFT_OPTIMIZATION_LEVEL = "-Onone";
			};
			name = Debug;
		};
		4D4F250F28C79C9F00A6DA4E /* Release */ = {
			isa = XCBuildConfiguration;
			buildSettings = {
				ALWAYS_SEARCH_USER_PATHS = NO;
				CLANG_ANALYZER_NONNULL = YES;
				CLANG_ANALYZER_NUMBER_OBJECT_CONVERSION = YES_AGGRESSIVE;
				CLANG_CXX_LANGUAGE_STANDARD = "gnu++14";
				CLANG_CXX_LIBRARY = "libc++";
				CLANG_ENABLE_MODULES = YES;
				CLANG_ENABLE_OBJC_ARC = YES;
				CLANG_ENABLE_OBJC_WEAK = YES;
				CLANG_WARN_BLOCK_CAPTURE_AUTORELEASING = YES;
				CLANG_WARN_BOOL_CONVERSION = YES;
				CLANG_WARN_COMMA = YES;
				CLANG_WARN_CONSTANT_CONVERSION = YES;
				CLANG_WARN_DEPRECATED_OBJC_IMPLEMENTATIONS = YES;
				CLANG_WARN_DIRECT_OBJC_ISA_USAGE = YES_ERROR;
				CLANG_WARN_DOCUMENTATION_COMMENTS = YES;
				CLANG_WARN_EMPTY_BODY = YES;
				CLANG_WARN_ENUM_CONVERSION = YES;
				CLANG_WARN_INFINITE_RECURSION = YES;
				CLANG_WARN_INT_CONVERSION = YES;
				CLANG_WARN_NON_LITERAL_NULL_CONVERSION = YES;
				CLANG_WARN_OBJC_IMPLICIT_RETAIN_SELF = YES;
				CLANG_WARN_OBJC_LITERAL_CONVERSION = YES;
				CLANG_WARN_OBJC_ROOT_CLASS = YES_ERROR;
				CLANG_WARN_QUOTED_INCLUDE_IN_FRAMEWORK_HEADER = YES;
				CLANG_WARN_RANGE_LOOP_ANALYSIS = YES;
				CLANG_WARN_STRICT_PROTOTYPES = YES;
				CLANG_WARN_SUSPICIOUS_MOVE = YES;
				CLANG_WARN_UNGUARDED_AVAILABILITY = YES_AGGRESSIVE;
				CLANG_WARN_UNREACHABLE_CODE = YES;
				CLANG_WARN__DUPLICATE_METHOD_MATCH = YES;
				COPY_PHASE_STRIP = NO;
				DEBUG_INFORMATION_FORMAT = "dwarf-with-dsym";
				ENABLE_NS_ASSERTIONS = NO;
				ENABLE_STRICT_OBJC_MSGSEND = YES;
				GCC_C_LANGUAGE_STANDARD = gnu11;
				GCC_NO_COMMON_BLOCKS = YES;
				GCC_WARN_64_TO_32_BIT_CONVERSION = YES;
				GCC_WARN_ABOUT_RETURN_TYPE = YES_ERROR;
				GCC_WARN_UNDECLARED_SELECTOR = YES;
				GCC_WARN_UNINITIALIZED_AUTOS = YES_AGGRESSIVE;
				GCC_WARN_UNUSED_FUNCTION = YES;
				GCC_WARN_UNUSED_VARIABLE = YES;
				IPHONEOS_DEPLOYMENT_TARGET = 14.0;
				MTL_ENABLE_DEBUG_INFO = NO;
				MTL_FAST_MATH = YES;
				SDKROOT = iphoneos;
				SWIFT_COMPILATION_MODE = wholemodule;
				SWIFT_OPTIMIZATION_LEVEL = "-O";
				VALIDATE_PRODUCT = YES;
			};
			name = Release;
		};
		4D4F251128C79C9F00A6DA4E /* Debug */ = {
			isa = XCBuildConfiguration;
			buildSettings = {
				ASSETCATALOG_COMPILER_APPICON_NAME = AppIcon;
				ASSETCATALOG_COMPILER_GLOBAL_ACCENT_COLOR_NAME = AccentColor;
				CODE_SIGN_STYLE = Automatic;
				DEVELOPMENT_TEAM = 2SP9RY5F98;
				INFOPLIST_FILE = Movie/Info.plist;
				IPHONEOS_DEPLOYMENT_TARGET = 14.0;
				LD_RUNPATH_SEARCH_PATHS = (
					"$(inherited)",
					"@executable_path/Frameworks",
				);
				PRODUCT_BUNDLE_IDENTIFIER = com.movieYab;
				PRODUCT_NAME = "$(TARGET_NAME)";
				SWIFT_VERSION = 5.0;
				TARGETED_DEVICE_FAMILY = 1;
			};
			name = Debug;
		};
		4D4F251228C79C9F00A6DA4E /* Release */ = {
			isa = XCBuildConfiguration;
			buildSettings = {
				ASSETCATALOG_COMPILER_APPICON_NAME = AppIcon;
				ASSETCATALOG_COMPILER_GLOBAL_ACCENT_COLOR_NAME = AccentColor;
				CODE_SIGN_STYLE = Automatic;
				DEVELOPMENT_TEAM = 2SP9RY5F98;
				INFOPLIST_FILE = Movie/Info.plist;
				IPHONEOS_DEPLOYMENT_TARGET = 14.0;
				LD_RUNPATH_SEARCH_PATHS = (
					"$(inherited)",
					"@executable_path/Frameworks",
				);
				PRODUCT_BUNDLE_IDENTIFIER = com.movieYab;
				PRODUCT_NAME = "$(TARGET_NAME)";
				SWIFT_VERSION = 5.0;
				TARGETED_DEVICE_FAMILY = 1;
			};
			name = Release;
		};
/* End XCBuildConfiguration section */

/* Begin XCConfigurationList section */
		4D4F24F728C79C9C00A6DA4E /* Build configuration list for PBXProject "Movie" */ = {
			isa = XCConfigurationList;
			buildConfigurations = (
				4D4F250E28C79C9F00A6DA4E /* Debug */,
				4D4F250F28C79C9F00A6DA4E /* Release */,
			);
			defaultConfigurationIsVisible = 0;
			defaultConfigurationName = Release;
		};
		4D4F251028C79C9F00A6DA4E /* Build configuration list for PBXNativeTarget "Movie" */ = {
			isa = XCConfigurationList;
			buildConfigurations = (
				4D4F251128C79C9F00A6DA4E /* Debug */,
				4D4F251228C79C9F00A6DA4E /* Release */,
			);
			defaultConfigurationIsVisible = 0;
			defaultConfigurationName = Release;
		};
/* End XCConfigurationList section */

/* Begin XCRemoteSwiftPackageReference section */
		4D4F253628CA965D00A6DA4E /* XCRemoteSwiftPackageReference "Alamofire" */ = {
			isa = XCRemoteSwiftPackageReference;
			repositoryURL = "https://github.com/Alamofire/Alamofire";
			requirement = {
				kind = upToNextMajorVersion;
				minimumVersion = 5.6.2;
			};
		};
/* End XCRemoteSwiftPackageReference section */

/* Begin XCSwiftPackageProductDependency section */
		4D4F253728CA965D00A6DA4E /* Alamofire */ = {
			isa = XCSwiftPackageProductDependency;
			package = 4D4F253628CA965D00A6DA4E /* XCRemoteSwiftPackageReference "Alamofire" */;
			productName = Alamofire;
		};
/* End XCSwiftPackageProductDependency section */
	};
	rootObject = 4D4F24F428C79C9C00A6DA4E /* Project object */;
}
